
Microsoft Visual Studio Solution File, Format Version 12.00
# Visual Studio Version 16
VisualStudioVersion = 16.0.30204.135
MinimumVisualStudioVersion = 10.0.40219.1
Project("{FAE04EC0-301F-11D3-BF4B-00C04F79EFBC}") = "TDV-Installer", "TDV-Installer\TDV-Installer.csproj", "{C308E9EE-4C89-44D4-998D-73C272E1BB71}"
EndProject
Global
	GlobalSection(SolutionConfigurationPlatforms) = preSolution
		Debug|Any CPU = Debug|Any CPU
		Release|Any CPU = Release|Any CPU
	EndGlobalSection
	GlobalSection(ProjectConfigurationPlatforms) = postSolution
		{C308E9EE-4C89-44D4-998D-73C272E1BB71}.Debug|Any CPU.ActiveCfg = Debug|Any CPU
		{C308E9EE-4C89-44D4-998D-73C272E1BB71}.Debug|Any CPU.Build.0 = Debug|Any CPU
		{C308E9EE-4C89-44D4-998D-73C272E1BB71}.Release|Any CPU.ActiveCfg = Release|Any CPU
		{C308E9EE-4C89-44D4-998D-73C272E1BB71}.Release|Any CPU.Build.0 = Release|Any CPU
	EndGlobalSection
	GlobalSection(SolutionProperties) = preSolution
		HideSolutionNode = FALSE
	EndGlobalSection
	GlobalSection(ExtensibilityGlobals) = postSolution
		SolutionGuid = {2D0DD19D-A252-4603-9F97-01EFCA09969C}
	EndGlobalSection
EndGlobal
